// !$*UTF8*$!
{
	archiveVersion = 1;
	classes = {
	};
	objectVersion = 50;
	objects = {

/* Begin PBXBuildFile section */
		B319B73A21A99D3200E2FABC /* PhotosModel.swift in Sources */ = {isa = PBXBuildFile; fileRef = B319B73921A99D3200E2FABC /* PhotosModel.swift */; };
		B320CDD721A06C0A00B0BE07 /* RootAssembly.swift in Sources */ = {isa = PBXBuildFile; fileRef = B320CDD621A06C0A00B0BE07 /* RootAssembly.swift */; };
		B320CDD921A06CC600B0BE07 /* CoreAssemblyProtocol.swift in Sources */ = {isa = PBXBuildFile; fileRef = B320CDD821A06CC600B0BE07 /* CoreAssemblyProtocol.swift */; };
		B320CDDD21A06FC600B0BE07 /* CoreDataStackProtocol.swift in Sources */ = {isa = PBXBuildFile; fileRef = B320CDDC21A06FC600B0BE07 /* CoreDataStackProtocol.swift */; };
		B320CDE121A074AA00B0BE07 /* CoreAssembly.swift in Sources */ = {isa = PBXBuildFile; fileRef = B320CDE021A074AA00B0BE07 /* CoreAssembly.swift */; };
		B320CDE721A076C200B0BE07 /* ServicesAssemblyProtocol.swift in Sources */ = {isa = PBXBuildFile; fileRef = B320CDE621A076C200B0BE07 /* ServicesAssemblyProtocol.swift */; };
		B320CDE921A076D000B0BE07 /* ServicesAssembly.swift in Sources */ = {isa = PBXBuildFile; fileRef = B320CDE821A076D000B0BE07 /* ServicesAssembly.swift */; };
		B320CDEB21A0965300B0BE07 /* ThemeServiceProtocol.swift in Sources */ = {isa = PBXBuildFile; fileRef = B320CDEA21A0965300B0BE07 /* ThemeServiceProtocol.swift */; };
		B320CDED21A09D7200B0BE07 /* CommunicatorStorageManager.swift in Sources */ = {isa = PBXBuildFile; fileRef = B320CDEC21A09D7200B0BE07 /* CommunicatorStorageManager.swift */; };
		B320CDF221A0A02700B0BE07 /* CoreDataService.swift in Sources */ = {isa = PBXBuildFile; fileRef = B320CDF121A0A02700B0BE07 /* CoreDataService.swift */; };
		B320CDF521A0A0AA00B0BE07 /* CoreDataServiceProtocol.swift in Sources */ = {isa = PBXBuildFile; fileRef = B320CDF421A0A0AA00B0BE07 /* CoreDataServiceProtocol.swift */; };
		B320CDF721A0AA7400B0BE07 /* ThemesService.swift in Sources */ = {isa = PBXBuildFile; fileRef = B320CDF621A0AA7400B0BE07 /* ThemesService.swift */; };
		B322424E21974E0B005362AC /* ConversationExtension.swift in Sources */ = {isa = PBXBuildFile; fileRef = B322424D21974E0B005362AC /* ConversationExtension.swift */; };
		B32242502197540D005362AC /* MessegeExtension.swift in Sources */ = {isa = PBXBuildFile; fileRef = B322424F2197540D005362AC /* MessegeExtension.swift */; };
		B3224252219759D9005362AC /* UserExtension.swift in Sources */ = {isa = PBXBuildFile; fileRef = B3224251219759D9005362AC /* UserExtension.swift */; };
		B322425A21976070005362AC /* UserProfileInfo.swift in Sources */ = {isa = PBXBuildFile; fileRef = B322425921976070005362AC /* UserProfileInfo.swift */; };
		B322425C21976CB4005362AC /* ConversationsDataManager.swift in Sources */ = {isa = PBXBuildFile; fileRef = B322425B21976CB4005362AC /* ConversationsDataManager.swift */; };
		B32B5B6421A86E2D00C92D7D /* IRequest.swift in Sources */ = {isa = PBXBuildFile; fileRef = B32B5B6321A86E2D00C92D7D /* IRequest.swift */; };
		B32B5B6621A86E5D00C92D7D /* IParser.swift in Sources */ = {isa = PBXBuildFile; fileRef = B32B5B6521A86E5D00C92D7D /* IParser.swift */; };
		B32B5B6921A8705F00C92D7D /* PhotoRequest.swift in Sources */ = {isa = PBXBuildFile; fileRef = B32B5B6821A8705F00C92D7D /* PhotoRequest.swift */; };
		B32B5B6C21A879DE00C92D7D /* ImageRequest.swift in Sources */ = {isa = PBXBuildFile; fileRef = B32B5B6B21A879DE00C92D7D /* ImageRequest.swift */; };
		B32B5B6E21A87AD200C92D7D /* PhotoParser.swift in Sources */ = {isa = PBXBuildFile; fileRef = B32B5B6D21A87AD200C92D7D /* PhotoParser.swift */; };
		B32B5B7121A87DD300C92D7D /* ImageParser.swift in Sources */ = {isa = PBXBuildFile; fileRef = B32B5B7021A87DD300C92D7D /* ImageParser.swift */; };
		B32B5B7421A8822000C92D7D /* IRequestSender.swift in Sources */ = {isa = PBXBuildFile; fileRef = B32B5B7321A8822000C92D7D /* IRequestSender.swift */; };
		B32B5B7621A882B000C92D7D /* RequestSender.swift in Sources */ = {isa = PBXBuildFile; fileRef = B32B5B7521A882B000C92D7D /* RequestSender.swift */; };
		B32B5B7921A8839400C92D7D /* RequestsFactory.swift in Sources */ = {isa = PBXBuildFile; fileRef = B32B5B7821A8839400C92D7D /* RequestsFactory.swift */; };
		B32B5B7B21A884B300C92D7D /* IImagesService.swift in Sources */ = {isa = PBXBuildFile; fileRef = B32B5B7A21A884B300C92D7D /* IImagesService.swift */; };
		B32B5B7D21A8852500C92D7D /* ImagesService.swift in Sources */ = {isa = PBXBuildFile; fileRef = B32B5B7C21A8852500C92D7D /* ImagesService.swift */; };
		B32B5B8621A88ECA00C92D7D /* PhotoCollectionViewCell.swift in Sources */ = {isa = PBXBuildFile; fileRef = B32B5B8421A88ECA00C92D7D /* PhotoCollectionViewCell.swift */; };
		B32B5B8721A88ECA00C92D7D /* PhotosViewController.swift in Sources */ = {isa = PBXBuildFile; fileRef = B32B5B8521A88ECA00C92D7D /* PhotosViewController.swift */; };
		B32B5B8921A88F5B00C92D7D /* PhotoCellConfiguration.swift in Sources */ = {isa = PBXBuildFile; fileRef = B32B5B8821A88F5B00C92D7D /* PhotoCellConfiguration.swift */; };
		B32CCC5821A0B7B7006F0E3E /* UserDefaultsExtension.swift in Sources */ = {isa = PBXBuildFile; fileRef = B32CCC5721A0B7B7006F0E3E /* UserDefaultsExtension.swift */; };
		B32CCC5A21A0BA24006F0E3E /* ThemesModel.swift in Sources */ = {isa = PBXBuildFile; fileRef = B32CCC5921A0BA24006F0E3E /* ThemesModel.swift */; };
		B32CCC5C21A0BAF0006F0E3E /* ThemeModelProtocol.swift in Sources */ = {isa = PBXBuildFile; fileRef = B32CCC5B21A0BAF0006F0E3E /* ThemeModelProtocol.swift */; };
		B32CCC5E21A0BB75006F0E3E /* PresentationAssemblyProtocol.swift in Sources */ = {isa = PBXBuildFile; fileRef = B32CCC5D21A0BB75006F0E3E /* PresentationAssemblyProtocol.swift */; };
		B32CCC6021A0BC66006F0E3E /* UserStorageModelProtocol.swift in Sources */ = {isa = PBXBuildFile; fileRef = B32CCC5F21A0BC66006F0E3E /* UserStorageModelProtocol.swift */; };
		B32CCC6221A0BE47006F0E3E /* CommunicationModelProtocol.swift in Sources */ = {isa = PBXBuildFile; fileRef = B32CCC6121A0BE47006F0E3E /* CommunicationModelProtocol.swift */; };
		B32CCC6421A0BE67006F0E3E /* CoreDataModelProtocol.swift in Sources */ = {isa = PBXBuildFile; fileRef = B32CCC6321A0BE67006F0E3E /* CoreDataModelProtocol.swift */; };
		B32CCC6621A13F91006F0E3E /* PresentationAssembly.swift in Sources */ = {isa = PBXBuildFile; fileRef = B32CCC6521A13F91006F0E3E /* PresentationAssembly.swift */; };
		B32CCC6821A141C4006F0E3E /* UserStorageModel.swift in Sources */ = {isa = PBXBuildFile; fileRef = B32CCC6721A141C4006F0E3E /* UserStorageModel.swift */; };
		B32CCC6A21A1B925006F0E3E /* CommunicationModel.swift in Sources */ = {isa = PBXBuildFile; fileRef = B32CCC6921A1B925006F0E3E /* CommunicationModel.swift */; };
		B32CCC6C21A1BABD006F0E3E /* CoreDataModel.swift in Sources */ = {isa = PBXBuildFile; fileRef = B32CCC6B21A1BABD006F0E3E /* CoreDataModel.swift */; };
		B32CCC6E21A207D7006F0E3E /* ConversationsListViewController.swift in Sources */ = {isa = PBXBuildFile; fileRef = B32CCC6D21A207D7006F0E3E /* ConversationsListViewController.swift */; };
		B32F03F22153BE2A0009ADC3 /* AppDelegate.swift in Sources */ = {isa = PBXBuildFile; fileRef = B32F03F12153BE2A0009ADC3 /* AppDelegate.swift */; };
		B32F03F72153BE2A0009ADC3 /* Main.storyboard in Resources */ = {isa = PBXBuildFile; fileRef = B32F03F52153BE2A0009ADC3 /* Main.storyboard */; };
		B32F03FA2153BE2A0009ADC3 /* Messenger.xcdatamodeld in Sources */ = {isa = PBXBuildFile; fileRef = B32F03F82153BE2A0009ADC3 /* Messenger.xcdatamodeld */; };
		B32F03FC2153BE2B0009ADC3 /* Assets.xcassets in Resources */ = {isa = PBXBuildFile; fileRef = B32F03FB2153BE2B0009ADC3 /* Assets.xcassets */; };
		B32F03FF2153BE2B0009ADC3 /* LaunchScreen.storyboard in Resources */ = {isa = PBXBuildFile; fileRef = B32F03FD2153BE2B0009ADC3 /* LaunchScreen.storyboard */; };
		B3392DFB2173C00C008DB283 /* Themes.m in Sources */ = {isa = PBXBuildFile; fileRef = B3392DD221727889008DB283 /* Themes.m */; };
		B3392DFC2173C00E008DB283 /* ThemesViewController.m in Sources */ = {isa = PBXBuildFile; fileRef = B3392DC821727678008DB283 /* ThemesViewController.m */; };
		B3392DFD2173CC2D008DB283 /* ThemesSwift.swift in Sources */ = {isa = PBXBuildFile; fileRef = B3392DDA2173A58B008DB283 /* ThemesSwift.swift */; };
		B3392DFE2173CC2F008DB283 /* ThemesViewControllerSwift.swift in Sources */ = {isa = PBXBuildFile; fileRef = B3392DDD2173B86E008DB283 /* ThemesViewControllerSwift.swift */; };
		B364A93B219CB620009F2BD0 /* ConversationViewController.swift in Sources */ = {isa = PBXBuildFile; fileRef = B389AE4F2168D57B002D099A /* ConversationViewController.swift */; };
		B364A93C219CB622009F2BD0 /* MessageCell.swift in Sources */ = {isa = PBXBuildFile; fileRef = B389AE582168E843002D099A /* MessageCell.swift */; };
		B364A93D219CB624009F2BD0 /* MessageCellConfiguration.swift in Sources */ = {isa = PBXBuildFile; fileRef = B389AE532168D903002D099A /* MessageCellConfiguration.swift */; };
		B364A93E219CB625009F2BD0 /* MessagesDataManager.swift in Sources */ = {isa = PBXBuildFile; fileRef = B322425E21989419005362AC /* MessagesDataManager.swift */; };
		B36B660A218A1DAB0014CBC3 /* CoreDataStack.swift in Sources */ = {isa = PBXBuildFile; fileRef = B36B6609218A1DAB0014CBC3 /* CoreDataStack.swift */; };
		B389AE4B216773CF002D099A /* ConversationTableViewCell.swift in Sources */ = {isa = PBXBuildFile; fileRef = B389AE4A216773CF002D099A /* ConversationTableViewCell.swift */; };
		B389AE4D21677B14002D099A /* ConversationCellConfiguration.swift in Sources */ = {isa = PBXBuildFile; fileRef = B389AE4C21677B14002D099A /* ConversationCellConfiguration.swift */; };
		B395DADA218C33C400828F72 /* UserStorageManager.swift in Sources */ = {isa = PBXBuildFile; fileRef = B395DAD9218C33C400828F72 /* UserStorageManager.swift */; };
		B395DADC218C39D900828F72 /* AppUserExtension.swift in Sources */ = {isa = PBXBuildFile; fileRef = B395DADB218C39D900828F72 /* AppUserExtension.swift */; };
		B39AD084215519B300D3C848 /* .gitignore in Resources */ = {isa = PBXBuildFile; fileRef = B39AD083215519B300D3C848 /* .gitignore */; };
		B3B389322184D86000765A65 /* Communicator.swift in Sources */ = {isa = PBXBuildFile; fileRef = B3B389312184D86000765A65 /* Communicator.swift */; };
		B3B389342184D8B600765A65 /* CommunicatorManagerDelegate.swift in Sources */ = {isa = PBXBuildFile; fileRef = B3B389332184D8B600765A65 /* CommunicatorManagerDelegate.swift */; };
		B3B389362184D97500765A65 /* MultipeerCommunicator.swift in Sources */ = {isa = PBXBuildFile; fileRef = B3B389352184D97500765A65 /* MultipeerCommunicator.swift */; };
		B3B38941218509C100765A65 /* CommunicationManager.swift in Sources */ = {isa = PBXBuildFile; fileRef = B3B38940218509C100765A65 /* CommunicationManager.swift */; };
		B3B389432185873800765A65 /* CommunicatorStorageDelegate.swift in Sources */ = {isa = PBXBuildFile; fileRef = B3B389422185873800765A65 /* CommunicatorStorageDelegate.swift */; };
		B3B5923B215EADD60095F693 /* ProfileViewController.swift in Sources */ = {isa = PBXBuildFile; fileRef = B3B5923A215EADD60095F693 /* ProfileViewController.swift */; };
		B3F755A9217BBFF4004A8AB5 /* SaveProfileProtocol.swift in Sources */ = {isa = PBXBuildFile; fileRef = B3F755A8217BBFF4004A8AB5 /* SaveProfileProtocol.swift */; };
		B3F755AB217BC068004A8AB5 /* GCDDataManager.swift in Sources */ = {isa = PBXBuildFile; fileRef = B3F755AA217BC068004A8AB5 /* GCDDataManager.swift */; };
		B3F755AD217C87A4004A8AB5 /* OperationDataManager.swift in Sources */ = {isa = PBXBuildFile; fileRef = B3F755AC217C87A4004A8AB5 /* OperationDataManager.swift */; };
		B3F755AF217CDD87004A8AB5 /* SaveAndLoadDataFunc.swift in Sources */ = {isa = PBXBuildFile; fileRef = B3F755AE217CDD87004A8AB5 /* SaveAndLoadDataFunc.swift */; };
		B3F755B1217CDEBB004A8AB5 /* SaveAndLoadOperation.swift in Sources */ = {isa = PBXBuildFile; fileRef = B3F755B0217CDEBB004A8AB5 /* SaveAndLoadOperation.swift */; };
/* End PBXBuildFile section */

/* Begin PBXFileReference section */
		B319B73921A99D3200E2FABC /* PhotosModel.swift */ = {isa = PBXFileReference; lastKnownFileType = sourcecode.swift; path = PhotosModel.swift; sourceTree = "<group>"; };
		B320CDD621A06C0A00B0BE07 /* RootAssembly.swift */ = {isa = PBXFileReference; lastKnownFileType = sourcecode.swift; path = RootAssembly.swift; sourceTree = "<group>"; };
		B320CDD821A06CC600B0BE07 /* CoreAssemblyProtocol.swift */ = {isa = PBXFileReference; lastKnownFileType = sourcecode.swift; path = CoreAssemblyProtocol.swift; sourceTree = "<group>"; };
		B320CDDC21A06FC600B0BE07 /* CoreDataStackProtocol.swift */ = {isa = PBXFileReference; lastKnownFileType = sourcecode.swift; path = CoreDataStackProtocol.swift; sourceTree = "<group>"; };
		B320CDE021A074AA00B0BE07 /* CoreAssembly.swift */ = {isa = PBXFileReference; lastKnownFileType = sourcecode.swift; path = CoreAssembly.swift; sourceTree = "<group>"; };
		B320CDE621A076C200B0BE07 /* ServicesAssemblyProtocol.swift */ = {isa = PBXFileReference; lastKnownFileType = sourcecode.swift; path = ServicesAssemblyProtocol.swift; sourceTree = "<group>"; };
		B320CDE821A076D000B0BE07 /* ServicesAssembly.swift */ = {isa = PBXFileReference; lastKnownFileType = sourcecode.swift; path = ServicesAssembly.swift; sourceTree = "<group>"; };
		B320CDEA21A0965300B0BE07 /* ThemeServiceProtocol.swift */ = {isa = PBXFileReference; lastKnownFileType = sourcecode.swift; path = ThemeServiceProtocol.swift; sourceTree = "<group>"; };
		B320CDEC21A09D7200B0BE07 /* CommunicatorStorageManager.swift */ = {isa = PBXFileReference; lastKnownFileType = sourcecode.swift; path = CommunicatorStorageManager.swift; sourceTree = "<group>"; };
		B320CDF121A0A02700B0BE07 /* CoreDataService.swift */ = {isa = PBXFileReference; lastKnownFileType = sourcecode.swift; path = CoreDataService.swift; sourceTree = "<group>"; };
		B320CDF421A0A0AA00B0BE07 /* CoreDataServiceProtocol.swift */ = {isa = PBXFileReference; lastKnownFileType = sourcecode.swift; path = CoreDataServiceProtocol.swift; sourceTree = "<group>"; };
		B320CDF621A0AA7400B0BE07 /* ThemesService.swift */ = {isa = PBXFileReference; lastKnownFileType = sourcecode.swift; path = ThemesService.swift; sourceTree = "<group>"; };
		B322424D21974E0B005362AC /* ConversationExtension.swift */ = {isa = PBXFileReference; lastKnownFileType = sourcecode.swift; path = ConversationExtension.swift; sourceTree = "<group>"; };
		B322424F2197540D005362AC /* MessegeExtension.swift */ = {isa = PBXFileReference; lastKnownFileType = sourcecode.swift; path = MessegeExtension.swift; sourceTree = "<group>"; };
		B3224251219759D9005362AC /* UserExtension.swift */ = {isa = PBXFileReference; lastKnownFileType = sourcecode.swift; path = UserExtension.swift; sourceTree = "<group>"; };
		B322425921976070005362AC /* UserProfileInfo.swift */ = {isa = PBXFileReference; fileEncoding = 4; lastKnownFileType = sourcecode.swift; path = UserProfileInfo.swift; sourceTree = "<group>"; };
		B322425B21976CB4005362AC /* ConversationsDataManager.swift */ = {isa = PBXFileReference; indentWidth = 4; lastKnownFileType = sourcecode.swift; path = ConversationsDataManager.swift; sourceTree = "<group>"; tabWidth = 4; };
		B322425E21989419005362AC /* MessagesDataManager.swift */ = {isa = PBXFileReference; lastKnownFileType = sourcecode.swift; path = MessagesDataManager.swift; sourceTree = "<group>"; };
		B32B5B6321A86E2D00C92D7D /* IRequest.swift */ = {isa = PBXFileReference; lastKnownFileType = sourcecode.swift; path = IRequest.swift; sourceTree = "<group>"; };
		B32B5B6521A86E5D00C92D7D /* IParser.swift */ = {isa = PBXFileReference; lastKnownFileType = sourcecode.swift; path = IParser.swift; sourceTree = "<group>"; };
		B32B5B6821A8705F00C92D7D /* PhotoRequest.swift */ = {isa = PBXFileReference; lastKnownFileType = sourcecode.swift; path = PhotoRequest.swift; sourceTree = "<group>"; };
		B32B5B6B21A879DE00C92D7D /* ImageRequest.swift */ = {isa = PBXFileReference; lastKnownFileType = sourcecode.swift; path = ImageRequest.swift; sourceTree = "<group>"; };
		B32B5B6D21A87AD200C92D7D /* PhotoParser.swift */ = {isa = PBXFileReference; lastKnownFileType = sourcecode.swift; path = PhotoParser.swift; sourceTree = "<group>"; };
		B32B5B7021A87DD300C92D7D /* ImageParser.swift */ = {isa = PBXFileReference; lastKnownFileType = sourcecode.swift; path = ImageParser.swift; sourceTree = "<group>"; };
		B32B5B7321A8822000C92D7D /* IRequestSender.swift */ = {isa = PBXFileReference; lastKnownFileType = sourcecode.swift; path = IRequestSender.swift; sourceTree = "<group>"; };
		B32B5B7521A882B000C92D7D /* RequestSender.swift */ = {isa = PBXFileReference; lastKnownFileType = sourcecode.swift; path = RequestSender.swift; sourceTree = "<group>"; };
		B32B5B7821A8839400C92D7D /* RequestsFactory.swift */ = {isa = PBXFileReference; lastKnownFileType = sourcecode.swift; path = RequestsFactory.swift; sourceTree = "<group>"; };
		B32B5B7A21A884B300C92D7D /* IImagesService.swift */ = {isa = PBXFileReference; lastKnownFileType = sourcecode.swift; path = IImagesService.swift; sourceTree = "<group>"; };
		B32B5B7C21A8852500C92D7D /* ImagesService.swift */ = {isa = PBXFileReference; lastKnownFileType = sourcecode.swift; path = ImagesService.swift; sourceTree = "<group>"; };
		B32B5B8421A88ECA00C92D7D /* PhotoCollectionViewCell.swift */ = {isa = PBXFileReference; fileEncoding = 4; lastKnownFileType = sourcecode.swift; path = PhotoCollectionViewCell.swift; sourceTree = "<group>"; };
		B32B5B8521A88ECA00C92D7D /* PhotosViewController.swift */ = {isa = PBXFileReference; fileEncoding = 4; lastKnownFileType = sourcecode.swift; path = PhotosViewController.swift; sourceTree = "<group>"; };
		B32B5B8821A88F5B00C92D7D /* PhotoCellConfiguration.swift */ = {isa = PBXFileReference; lastKnownFileType = sourcecode.swift; path = PhotoCellConfiguration.swift; sourceTree = "<group>"; };
		B32CCC5721A0B7B7006F0E3E /* UserDefaultsExtension.swift */ = {isa = PBXFileReference; lastKnownFileType = sourcecode.swift; path = UserDefaultsExtension.swift; sourceTree = "<group>"; };
		B32CCC5921A0BA24006F0E3E /* ThemesModel.swift */ = {isa = PBXFileReference; lastKnownFileType = sourcecode.swift; path = ThemesModel.swift; sourceTree = "<group>"; };
		B32CCC5B21A0BAF0006F0E3E /* ThemeModelProtocol.swift */ = {isa = PBXFileReference; lastKnownFileType = sourcecode.swift; path = ThemeModelProtocol.swift; sourceTree = "<group>"; };
		B32CCC5D21A0BB75006F0E3E /* PresentationAssemblyProtocol.swift */ = {isa = PBXFileReference; lastKnownFileType = sourcecode.swift; path = PresentationAssemblyProtocol.swift; sourceTree = "<group>"; };
		B32CCC5F21A0BC66006F0E3E /* UserStorageModelProtocol.swift */ = {isa = PBXFileReference; lastKnownFileType = sourcecode.swift; path = UserStorageModelProtocol.swift; sourceTree = "<group>"; };
		B32CCC6121A0BE47006F0E3E /* CommunicationModelProtocol.swift */ = {isa = PBXFileReference; lastKnownFileType = sourcecode.swift; path = CommunicationModelProtocol.swift; sourceTree = "<group>"; };
		B32CCC6321A0BE67006F0E3E /* CoreDataModelProtocol.swift */ = {isa = PBXFileReference; lastKnownFileType = sourcecode.swift; path = CoreDataModelProtocol.swift; sourceTree = "<group>"; };
		B32CCC6521A13F91006F0E3E /* PresentationAssembly.swift */ = {isa = PBXFileReference; lastKnownFileType = sourcecode.swift; path = PresentationAssembly.swift; sourceTree = "<group>"; };
		B32CCC6721A141C4006F0E3E /* UserStorageModel.swift */ = {isa = PBXFileReference; lastKnownFileType = sourcecode.swift; path = UserStorageModel.swift; sourceTree = "<group>"; };
		B32CCC6921A1B925006F0E3E /* CommunicationModel.swift */ = {isa = PBXFileReference; lastKnownFileType = sourcecode.swift; path = CommunicationModel.swift; sourceTree = "<group>"; };
		B32CCC6B21A1BABD006F0E3E /* CoreDataModel.swift */ = {isa = PBXFileReference; lastKnownFileType = sourcecode.swift; path = CoreDataModel.swift; sourceTree = "<group>"; };
		B32CCC6D21A207D7006F0E3E /* ConversationsListViewController.swift */ = {isa = PBXFileReference; fileEncoding = 4; lastKnownFileType = sourcecode.swift; path = ConversationsListViewController.swift; sourceTree = "<group>"; };
		B32F03EE2153BE2A0009ADC3 /* Messenger.app */ = {isa = PBXFileReference; explicitFileType = wrapper.application; includeInIndex = 0; path = Messenger.app; sourceTree = BUILT_PRODUCTS_DIR; };
		B32F03F12153BE2A0009ADC3 /* AppDelegate.swift */ = {isa = PBXFileReference; lastKnownFileType = sourcecode.swift; path = AppDelegate.swift; sourceTree = "<group>"; };
		B32F03F62153BE2A0009ADC3 /* Base */ = {isa = PBXFileReference; lastKnownFileType = file.storyboard; name = Base; path = Base.lproj/Main.storyboard; sourceTree = "<group>"; };
		B32F03F92153BE2A0009ADC3 /* Messenger.xcdatamodel */ = {isa = PBXFileReference; lastKnownFileType = wrapper.xcdatamodel; path = Messenger.xcdatamodel; sourceTree = "<group>"; };
		B32F03FB2153BE2B0009ADC3 /* Assets.xcassets */ = {isa = PBXFileReference; lastKnownFileType = folder.assetcatalog; path = Assets.xcassets; sourceTree = "<group>"; };
		B32F03FE2153BE2B0009ADC3 /* Base */ = {isa = PBXFileReference; lastKnownFileType = file.storyboard; name = Base; path = Base.lproj/LaunchScreen.storyboard; sourceTree = "<group>"; };
		B32F04002153BE2B0009ADC3 /* Info.plist */ = {isa = PBXFileReference; lastKnownFileType = text.plist.xml; path = Info.plist; sourceTree = "<group>"; };
		B3392DC621727641008DB283 /* ThemesViewController.h */ = {isa = PBXFileReference; lastKnownFileType = sourcecode.c.h; path = ThemesViewController.h; sourceTree = "<group>"; };
		B3392DC821727678008DB283 /* ThemesViewController.m */ = {isa = PBXFileReference; lastKnownFileType = sourcecode.c.objc; path = ThemesViewController.m; sourceTree = "<group>"; };
		B3392DD121727857008DB283 /* Themes.h */ = {isa = PBXFileReference; lastKnownFileType = sourcecode.c.h; path = Themes.h; sourceTree = "<group>"; };
		B3392DD221727889008DB283 /* Themes.m */ = {isa = PBXFileReference; lastKnownFileType = sourcecode.c.objc; path = Themes.m; sourceTree = "<group>"; };
		B3392DD421727968008DB283 /* ThemesViewControllerDelegate.h */ = {isa = PBXFileReference; lastKnownFileType = sourcecode.c.h; path = ThemesViewControllerDelegate.h; sourceTree = "<group>"; };
		B3392DD521727C85008DB283 /* Messenger-Bridging-Header.h */ = {isa = PBXFileReference; lastKnownFileType = sourcecode.c.h; path = "Messenger-Bridging-Header.h"; sourceTree = "<group>"; };
		B3392DDA2173A58B008DB283 /* ThemesSwift.swift */ = {isa = PBXFileReference; lastKnownFileType = sourcecode.swift; path = ThemesSwift.swift; sourceTree = "<group>"; };
		B3392DDD2173B86E008DB283 /* ThemesViewControllerSwift.swift */ = {isa = PBXFileReference; lastKnownFileType = sourcecode.swift; path = ThemesViewControllerSwift.swift; sourceTree = "<group>"; };
		B36B6609218A1DAB0014CBC3 /* CoreDataStack.swift */ = {isa = PBXFileReference; lastKnownFileType = sourcecode.swift; path = CoreDataStack.swift; sourceTree = "<group>"; };
		B389AE4A216773CF002D099A /* ConversationTableViewCell.swift */ = {isa = PBXFileReference; lastKnownFileType = sourcecode.swift; path = ConversationTableViewCell.swift; sourceTree = "<group>"; };
		B389AE4C21677B14002D099A /* ConversationCellConfiguration.swift */ = {isa = PBXFileReference; lastKnownFileType = sourcecode.swift; path = ConversationCellConfiguration.swift; sourceTree = "<group>"; };
		B389AE4F2168D57B002D099A /* ConversationViewController.swift */ = {isa = PBXFileReference; lastKnownFileType = sourcecode.swift; path = ConversationViewController.swift; sourceTree = "<group>"; };
		B389AE532168D903002D099A /* MessageCellConfiguration.swift */ = {isa = PBXFileReference; lastKnownFileType = sourcecode.swift; path = MessageCellConfiguration.swift; sourceTree = "<group>"; };
		B389AE582168E843002D099A /* MessageCell.swift */ = {isa = PBXFileReference; lastKnownFileType = sourcecode.swift; path = MessageCell.swift; sourceTree = "<group>"; };
		B395DAD9218C33C400828F72 /* UserStorageManager.swift */ = {isa = PBXFileReference; lastKnownFileType = sourcecode.swift; path = UserStorageManager.swift; sourceTree = "<group>"; };
		B395DADB218C39D900828F72 /* AppUserExtension.swift */ = {isa = PBXFileReference; lastKnownFileType = sourcecode.swift; path = AppUserExtension.swift; sourceTree = "<group>"; };
		B39AD083215519B300D3C848 /* .gitignore */ = {isa = PBXFileReference; lastKnownFileType = text; path = .gitignore; sourceTree = "<group>"; };
		B3B389312184D86000765A65 /* Communicator.swift */ = {isa = PBXFileReference; lastKnownFileType = sourcecode.swift; path = Communicator.swift; sourceTree = "<group>"; };
		B3B389332184D8B600765A65 /* CommunicatorManagerDelegate.swift */ = {isa = PBXFileReference; lastKnownFileType = sourcecode.swift; path = CommunicatorManagerDelegate.swift; sourceTree = "<group>"; };
		B3B389352184D97500765A65 /* MultipeerCommunicator.swift */ = {isa = PBXFileReference; lastKnownFileType = sourcecode.swift; path = MultipeerCommunicator.swift; sourceTree = "<group>"; };
		B3B38940218509C100765A65 /* CommunicationManager.swift */ = {isa = PBXFileReference; lastKnownFileType = sourcecode.swift; path = CommunicationManager.swift; sourceTree = "<group>"; };
		B3B389422185873800765A65 /* CommunicatorStorageDelegate.swift */ = {isa = PBXFileReference; lastKnownFileType = sourcecode.swift; path = CommunicatorStorageDelegate.swift; sourceTree = "<group>"; };
		B3B5923A215EADD60095F693 /* ProfileViewController.swift */ = {isa = PBXFileReference; lastKnownFileType = sourcecode.swift; path = ProfileViewController.swift; sourceTree = "<group>"; };
		B3F755A8217BBFF4004A8AB5 /* SaveProfileProtocol.swift */ = {isa = PBXFileReference; lastKnownFileType = sourcecode.swift; path = SaveProfileProtocol.swift; sourceTree = "<group>"; };
		B3F755AA217BC068004A8AB5 /* GCDDataManager.swift */ = {isa = PBXFileReference; lastKnownFileType = sourcecode.swift; path = GCDDataManager.swift; sourceTree = "<group>"; };
		B3F755AC217C87A4004A8AB5 /* OperationDataManager.swift */ = {isa = PBXFileReference; lastKnownFileType = sourcecode.swift; path = OperationDataManager.swift; sourceTree = "<group>"; };
		B3F755AE217CDD87004A8AB5 /* SaveAndLoadDataFunc.swift */ = {isa = PBXFileReference; lastKnownFileType = sourcecode.swift; path = SaveAndLoadDataFunc.swift; sourceTree = "<group>"; };
		B3F755B0217CDEBB004A8AB5 /* SaveAndLoadOperation.swift */ = {isa = PBXFileReference; lastKnownFileType = sourcecode.swift; path = SaveAndLoadOperation.swift; sourceTree = "<group>"; };
/* End PBXFileReference section */

/* Begin PBXFrameworksBuildPhase section */
		B32F03EB2153BE2A0009ADC3 /* Frameworks */ = {
			isa = PBXFrameworksBuildPhase;
			buildActionMask = 2147483647;
			files = (
			);
			runOnlyForDeploymentPostprocessing = 0;
		};
/* End PBXFrameworksBuildPhase section */

/* Begin PBXGroup section */
		B320CDDA21A06CD100B0BE07 /* CoreAssembly */ = {
			isa = PBXGroup;
			children = (
				B320CDE021A074AA00B0BE07 /* CoreAssembly.swift */,
			);
			path = CoreAssembly;
			sourceTree = "<group>";
		};
		B320CDDB21A06CEA00B0BE07 /* CoreLayer */ = {
			isa = PBXGroup;
			children = (
				B320CDE221A074B300B0BE07 /* CoreProtocols */,
				B320CDDA21A06CD100B0BE07 /* CoreAssembly */,
				B320CDDE21A0707B00B0BE07 /* CoreData */,
				B32B5B6721A86E8500C92D7D /* Multipeer */,
				B32B5B7221A87F5300C92D7D /* Network */,
			);
			path = CoreLayer;
			sourceTree = "<group>";
		};
		B320CDDE21A0707B00B0BE07 /* CoreData */ = {
			isa = PBXGroup;
			children = (
				B322424C219603D2005362AC /* Extensions */,
				B36B6609218A1DAB0014CBC3 /* CoreDataStack.swift */,
			);
			path = CoreData;
			sourceTree = "<group>";
		};
		B320CDE221A074B300B0BE07 /* CoreProtocols */ = {
			isa = PBXGroup;
			children = (
				B320CDD821A06CC600B0BE07 /* CoreAssemblyProtocol.swift */,
				B320CDDC21A06FC600B0BE07 /* CoreDataStackProtocol.swift */,
				B3B389312184D86000765A65 /* Communicator.swift */,
				B32B5B6321A86E2D00C92D7D /* IRequest.swift */,
				B32B5B6521A86E5D00C92D7D /* IParser.swift */,
				B32B5B7321A8822000C92D7D /* IRequestSender.swift */,
			);
			path = CoreProtocols;
			sourceTree = "<group>";
		};
		B320CDE321A0761B00B0BE07 /* ServiceLayer */ = {
			isa = PBXGroup;
			children = (
				B320CDE421A0763800B0BE07 /* ServiceProtocols */,
				B320CDE521A0765E00B0BE07 /* ServiceAssembly */,
				B320CDEE21A09F8500B0BE07 /* ProfileStorage */,
				B3B38940218509C100765A65 /* CommunicationManager.swift */,
				B320CDF621A0AA7400B0BE07 /* ThemesService.swift */,
				B320CDEC21A09D7200B0BE07 /* CommunicatorStorageManager.swift */,
				B320CDF121A0A02700B0BE07 /* CoreDataService.swift */,
				B32B5B7C21A8852500C92D7D /* ImagesService.swift */,
			);
			path = ServiceLayer;
			sourceTree = "<group>";
		};
		B320CDE421A0763800B0BE07 /* ServiceProtocols */ = {
			isa = PBXGroup;
			children = (
				B320CDE621A076C200B0BE07 /* ServicesAssemblyProtocol.swift */,
				B3F755A8217BBFF4004A8AB5 /* SaveProfileProtocol.swift */,
				B3B389332184D8B600765A65 /* CommunicatorManagerDelegate.swift */,
				B320CDEA21A0965300B0BE07 /* ThemeServiceProtocol.swift */,
				B3B389422185873800765A65 /* CommunicatorStorageDelegate.swift */,
				B320CDF421A0A0AA00B0BE07 /* CoreDataServiceProtocol.swift */,
				B32B5B7A21A884B300C92D7D /* IImagesService.swift */,
			);
			path = ServiceProtocols;
			sourceTree = "<group>";
		};
		B320CDE521A0765E00B0BE07 /* ServiceAssembly */ = {
			isa = PBXGroup;
			children = (
				B320CDE821A076D000B0BE07 /* ServicesAssembly.swift */,
			);
			path = ServiceAssembly;
			sourceTree = "<group>";
		};
		B320CDEE21A09F8500B0BE07 /* ProfileStorage */ = {
			isa = PBXGroup;
			children = (
				B395DADD218DEE2100828F72 /* GCDandOperation */,
				B395DAD9218C33C400828F72 /* UserStorageManager.swift */,
			);
			path = ProfileStorage;
			sourceTree = "<group>";
		};
		B322424C219603D2005362AC /* Extensions */ = {
			isa = PBXGroup;
			children = (
				B395DADB218C39D900828F72 /* AppUserExtension.swift */,
				B322424D21974E0B005362AC /* ConversationExtension.swift */,
				B322424F2197540D005362AC /* MessegeExtension.swift */,
				B3224251219759D9005362AC /* UserExtension.swift */,
			);
			path = Extensions;
			sourceTree = "<group>";
		};
		B322425821975F51005362AC /* Models */ = {
			isa = PBXGroup;
			children = (
				B32CCC5921A0BA24006F0E3E /* ThemesModel.swift */,
				B32CCC6721A141C4006F0E3E /* UserStorageModel.swift */,
				B32CCC6921A1B925006F0E3E /* CommunicationModel.swift */,
				B32CCC6B21A1BABD006F0E3E /* CoreDataModel.swift */,
				B319B73921A99D3200E2FABC /* PhotosModel.swift */,
			);
			path = Models;
			sourceTree = "<group>";
		};
		B32B5B6721A86E8500C92D7D /* Multipeer */ = {
			isa = PBXGroup;
			children = (
				B3B389352184D97500765A65 /* MultipeerCommunicator.swift */,
			);
			path = Multipeer;
			sourceTree = "<group>";
		};
		B32B5B6A21A8706B00C92D7D /* Requests */ = {
			isa = PBXGroup;
			children = (
				B32B5B6821A8705F00C92D7D /* PhotoRequest.swift */,
				B32B5B6B21A879DE00C92D7D /* ImageRequest.swift */,
			);
			path = Requests;
			sourceTree = "<group>";
		};
		B32B5B6F21A87ADC00C92D7D /* Parsers */ = {
			isa = PBXGroup;
			children = (
				B32B5B6D21A87AD200C92D7D /* PhotoParser.swift */,
				B32B5B7021A87DD300C92D7D /* ImageParser.swift */,
			);
			path = Parsers;
			sourceTree = "<group>";
		};
		B32B5B7221A87F5300C92D7D /* Network */ = {
			isa = PBXGroup;
			children = (
				B32B5B6A21A8706B00C92D7D /* Requests */,
				B32B5B6F21A87ADC00C92D7D /* Parsers */,
				B32B5B7721A882B500C92D7D /* RequestManager */,
				B32B5B7821A8839400C92D7D /* RequestsFactory.swift */,
			);
			path = Network;
			sourceTree = "<group>";
		};
		B32B5B7721A882B500C92D7D /* RequestManager */ = {
			isa = PBXGroup;
			children = (
				B32B5B7521A882B000C92D7D /* RequestSender.swift */,
			);
			path = RequestManager;
			sourceTree = "<group>";
		};
		B32B5B8321A88EB800C92D7D /* Photos */ = {
			isa = PBXGroup;
			children = (
				B32B5B8521A88ECA00C92D7D /* PhotosViewController.swift */,
				B32B5B8421A88ECA00C92D7D /* PhotoCollectionViewCell.swift */,
			);
			path = Photos;
			sourceTree = "<group>";
		};
		B32CCC5221A0B540006F0E3E /* PresentationProtocols */ = {
			isa = PBXGroup;
			children = (
				B32CCC5D21A0BB75006F0E3E /* PresentationAssemblyProtocol.swift */,
				B32CCC5B21A0BAF0006F0E3E /* ThemeModelProtocol.swift */,
				B32CCC5F21A0BC66006F0E3E /* UserStorageModelProtocol.swift */,
				B32CCC6121A0BE47006F0E3E /* CommunicationModelProtocol.swift */,
				B32CCC6321A0BE67006F0E3E /* CoreDataModelProtocol.swift */,
				B389AE4C21677B14002D099A /* ConversationCellConfiguration.swift */,
				B389AE532168D903002D099A /* MessageCellConfiguration.swift */,
				B32B5B8821A88F5B00C92D7D /* PhotoCellConfiguration.swift */,
			);
			path = PresentationProtocols;
			sourceTree = "<group>";
		};
		B32CCC5321A0B555006F0E3E /* PresentationAssembly */ = {
			isa = PBXGroup;
			children = (
				B32CCC6521A13F91006F0E3E /* PresentationAssembly.swift */,
			);
			path = PresentationAssembly;
			sourceTree = "<group>";
		};
		B32CCC5421A0B58E006F0E3E /* Extensions */ = {
			isa = PBXGroup;
			children = (
				B32CCC5721A0B7B7006F0E3E /* UserDefaultsExtension.swift */,
			);
			path = Extensions;
			sourceTree = "<group>";
		};
		B32CCC5521A0B687006F0E3E /* PresentationLayer */ = {
			isa = PBXGroup;
			children = (
				B32CCC5221A0B540006F0E3E /* PresentationProtocols */,
				B32CCC5321A0B555006F0E3E /* PresentationAssembly */,
				B32CCC5421A0B58E006F0E3E /* Extensions */,
				B3B389302184D82500765A65 /* Theme */,
				B389AE4E21677B30002D099A /* Conversations */,
				B389AE552168D96C002D099A /* Chat */,
				B3B462E32169403B00C0E770 /* Profile */,
				B32B5B8321A88EB800C92D7D /* Photos */,
				B322425821975F51005362AC /* Models */,
			);
			path = PresentationLayer;
			sourceTree = "<group>";
		};
		B32F03E52153BE2A0009ADC3 = {
			isa = PBXGroup;
			children = (
				B32F03F02153BE2A0009ADC3 /* Messenger */,
				B32F03EF2153BE2A0009ADC3 /* Products */,
			);
			sourceTree = "<group>";
		};
		B32F03EF2153BE2A0009ADC3 /* Products */ = {
			isa = PBXGroup;
			children = (
				B32F03EE2153BE2A0009ADC3 /* Messenger.app */,
			);
			name = Products;
			sourceTree = "<group>";
		};
		B32F03F02153BE2A0009ADC3 /* Messenger */ = {
			isa = PBXGroup;
			children = (
				B32CCC5521A0B687006F0E3E /* PresentationLayer */,
				B320CDE321A0761B00B0BE07 /* ServiceLayer */,
				B320CDDB21A06CEA00B0BE07 /* CoreLayer */,
				B320CDD621A06C0A00B0BE07 /* RootAssembly.swift */,
				B32F03F12153BE2A0009ADC3 /* AppDelegate.swift */,
				B32F03F82153BE2A0009ADC3 /* Messenger.xcdatamodeld */,
				B32F03F52153BE2A0009ADC3 /* Main.storyboard */,
				B32F03FD2153BE2B0009ADC3 /* LaunchScreen.storyboard */,
				B32F03FB2153BE2B0009ADC3 /* Assets.xcassets */,
				B3392DD521727C85008DB283 /* Messenger-Bridging-Header.h */,
				B32F04002153BE2B0009ADC3 /* Info.plist */,
				B39AD083215519B300D3C848 /* .gitignore */,
			);
			path = Messenger;
			sourceTree = "<group>";
		};
		B3392DD0217277EB008DB283 /* ThemeObj */ = {
			isa = PBXGroup;
			children = (
				B3392DD821727ED6008DB283 /* Model */,
				B3392DD921727EDE008DB283 /* Controller */,
				B3392DD421727968008DB283 /* ThemesViewControllerDelegate.h */,
			);
			path = ThemeObj;
			sourceTree = "<group>";
		};
		B3392DD821727ED6008DB283 /* Model */ = {
			isa = PBXGroup;
			children = (
				B3392DD121727857008DB283 /* Themes.h */,
				B3392DD221727889008DB283 /* Themes.m */,
			);
			path = Model;
			sourceTree = "<group>";
		};
		B3392DD921727EDE008DB283 /* Controller */ = {
			isa = PBXGroup;
			children = (
				B3392DC621727641008DB283 /* ThemesViewController.h */,
				B3392DC821727678008DB283 /* ThemesViewController.m */,
			);
			path = Controller;
			sourceTree = "<group>";
		};
		B3392DDC2173A636008DB283 /* ThemeSwift */ = {
			isa = PBXGroup;
			children = (
				B3392DDD2173B86E008DB283 /* ThemesViewControllerSwift.swift */,
				B3392DDA2173A58B008DB283 /* ThemesSwift.swift */,
			);
			path = ThemeSwift;
			sourceTree = "<group>";
		};
		B389AE4E21677B30002D099A /* Conversations */ = {
			isa = PBXGroup;
			children = (
				B32CCC6D21A207D7006F0E3E /* ConversationsListViewController.swift */,
				B322425B21976CB4005362AC /* ConversationsDataManager.swift */,
				B389AE4A216773CF002D099A /* ConversationTableViewCell.swift */,
			);
			path = Conversations;
			sourceTree = "<group>";
		};
		B389AE552168D96C002D099A /* Chat */ = {
			isa = PBXGroup;
			children = (
				B389AE4F2168D57B002D099A /* ConversationViewController.swift */,
				B322425E21989419005362AC /* MessagesDataManager.swift */,
				B389AE582168E843002D099A /* MessageCell.swift */,
			);
			path = Chat;
			sourceTree = "<group>";
		};
		B395DADD218DEE2100828F72 /* GCDandOperation */ = {
			isa = PBXGroup;
			children = (
				B3F755AA217BC068004A8AB5 /* GCDDataManager.swift */,
				B3F755AC217C87A4004A8AB5 /* OperationDataManager.swift */,
				B3F755B0217CDEBB004A8AB5 /* SaveAndLoadOperation.swift */,
				B3F755AE217CDD87004A8AB5 /* SaveAndLoadDataFunc.swift */,
			);
			path = GCDandOperation;
			sourceTree = "<group>";
		};
		B3B389302184D82500765A65 /* Theme */ = {
			isa = PBXGroup;
			children = (
				B3392DD0217277EB008DB283 /* ThemeObj */,
				B3392DDC2173A636008DB283 /* ThemeSwift */,
			);
			path = Theme;
			sourceTree = "<group>";
		};
		B3B462E32169403B00C0E770 /* Profile */ = {
			isa = PBXGroup;
			children = (
				B3B5923A215EADD60095F693 /* ProfileViewController.swift */,
				B322425921976070005362AC /* UserProfileInfo.swift */,
			);
			path = Profile;
			sourceTree = "<group>";
		};
/* End PBXGroup section */

/* Begin PBXNativeTarget section */
		B32F03ED2153BE2A0009ADC3 /* Messenger */ = {
			isa = PBXNativeTarget;
			buildConfigurationList = B32F04032153BE2B0009ADC3 /* Build configuration list for PBXNativeTarget "Messenger" */;
			buildPhases = (
				B32F03EA2153BE2A0009ADC3 /* Sources */,
				B32F03EB2153BE2A0009ADC3 /* Frameworks */,
				B32F03EC2153BE2A0009ADC3 /* Resources */,
			);
			buildRules = (
			);
			dependencies = (
			);
			name = Messenger;
			productName = Messenger;
			productReference = B32F03EE2153BE2A0009ADC3 /* Messenger.app */;
			productType = "com.apple.product-type.application";
		};
/* End PBXNativeTarget section */

/* Begin PBXProject section */
		B32F03E62153BE2A0009ADC3 /* Project object */ = {
			isa = PBXProject;
			attributes = {
				LastSwiftUpdateCheck = 1000;
				LastUpgradeCheck = 1000;
				ORGANIZATIONNAME = "Bogdan Belogurov";
				TargetAttributes = {
					B32F03ED2153BE2A0009ADC3 = {
						CreatedOnToolsVersion = 10.0;
						LastSwiftMigration = 1000;
					};
				};
			};
			buildConfigurationList = B32F03E92153BE2A0009ADC3 /* Build configuration list for PBXProject "Messenger" */;
			compatibilityVersion = "Xcode 9.3";
			developmentRegion = en;
			hasScannedForEncodings = 0;
			knownRegions = (
				en,
				Base,
			);
			mainGroup = B32F03E52153BE2A0009ADC3;
			productRefGroup = B32F03EF2153BE2A0009ADC3 /* Products */;
			projectDirPath = "";
			projectRoot = "";
			targets = (
				B32F03ED2153BE2A0009ADC3 /* Messenger */,
			);
		};
/* End PBXProject section */

/* Begin PBXResourcesBuildPhase section */
		B32F03EC2153BE2A0009ADC3 /* Resources */ = {
			isa = PBXResourcesBuildPhase;
			buildActionMask = 2147483647;
			files = (
				B39AD084215519B300D3C848 /* .gitignore in Resources */,
				B32F03FF2153BE2B0009ADC3 /* LaunchScreen.storyboard in Resources */,
				B32F03FC2153BE2B0009ADC3 /* Assets.xcassets in Resources */,
				B32F03F72153BE2A0009ADC3 /* Main.storyboard in Resources */,
			);
			runOnlyForDeploymentPostprocessing = 0;
		};
/* End PBXResourcesBuildPhase section */

/* Begin PBXSourcesBuildPhase section */
		B32F03EA2153BE2A0009ADC3 /* Sources */ = {
			isa = PBXSourcesBuildPhase;
			buildActionMask = 2147483647;
			files = (
				B32B5B7621A882B000C92D7D /* RequestSender.swift in Sources */,
				B32242502197540D005362AC /* MessegeExtension.swift in Sources */,
				B364A93E219CB625009F2BD0 /* MessagesDataManager.swift in Sources */,
				B395DADA218C33C400828F72 /* UserStorageManager.swift in Sources */,
				B36B660A218A1DAB0014CBC3 /* CoreDataStack.swift in Sources */,
				B3F755AB217BC068004A8AB5 /* GCDDataManager.swift in Sources */,
				B364A93D219CB624009F2BD0 /* MessageCellConfiguration.swift in Sources */,
				B32CCC5E21A0BB75006F0E3E /* PresentationAssemblyProtocol.swift in Sources */,
				B3B38941218509C100765A65 /* CommunicationManager.swift in Sources */,
				B320CDDD21A06FC600B0BE07 /* CoreDataStackProtocol.swift in Sources */,
				B32F03F22153BE2A0009ADC3 /* AppDelegate.swift in Sources */,
				B3F755A9217BBFF4004A8AB5 /* SaveProfileProtocol.swift in Sources */,
				B32CCC5821A0B7B7006F0E3E /* UserDefaultsExtension.swift in Sources */,
				B32CCC6C21A1BABD006F0E3E /* CoreDataModel.swift in Sources */,
				B364A93B219CB620009F2BD0 /* ConversationViewController.swift in Sources */,
				B320CDD921A06CC600B0BE07 /* CoreAssemblyProtocol.swift in Sources */,
				B320CDF721A0AA7400B0BE07 /* ThemesService.swift in Sources */,
				B320CDD721A06C0A00B0BE07 /* RootAssembly.swift in Sources */,
				B32CCC6021A0BC66006F0E3E /* UserStorageModelProtocol.swift in Sources */,
				B32B5B6421A86E2D00C92D7D /* IRequest.swift in Sources */,
				B32B5B7921A8839400C92D7D /* RequestsFactory.swift in Sources */,
				B32B5B6921A8705F00C92D7D /* PhotoRequest.swift in Sources */,
				B322425C21976CB4005362AC /* ConversationsDataManager.swift in Sources */,
				B32B5B6E21A87AD200C92D7D /* PhotoParser.swift in Sources */,
				B32B5B7421A8822000C92D7D /* IRequestSender.swift in Sources */,
				B3B389362184D97500765A65 /* MultipeerCommunicator.swift in Sources */,
				B320CDE921A076D000B0BE07 /* ServicesAssembly.swift in Sources */,
				B3392DFD2173CC2D008DB283 /* ThemesSwift.swift in Sources */,
				B364A93C219CB622009F2BD0 /* MessageCell.swift in Sources */,
				B389AE4D21677B14002D099A /* ConversationCellConfiguration.swift in Sources */,
				B32CCC5A21A0BA24006F0E3E /* ThemesModel.swift in Sources */,
				B32B5B7B21A884B300C92D7D /* IImagesService.swift in Sources */,
				B320CDEB21A0965300B0BE07 /* ThemeServiceProtocol.swift in Sources */,
				B3F755B1217CDEBB004A8AB5 /* SaveAndLoadOperation.swift in Sources */,
				B320CDE721A076C200B0BE07 /* ServicesAssemblyProtocol.swift in Sources */,
				B3F755AF217CDD87004A8AB5 /* SaveAndLoadDataFunc.swift in Sources */,
				B32CCC6A21A1B925006F0E3E /* CommunicationModel.swift in Sources */,
				B32CCC6421A0BE67006F0E3E /* CoreDataModelProtocol.swift in Sources */,
				B3B389322184D86000765A65 /* Communicator.swift in Sources */,
				B320CDED21A09D7200B0BE07 /* CommunicatorStorageManager.swift in Sources */,
				B322424E21974E0B005362AC /* ConversationExtension.swift in Sources */,
				B322425A21976070005362AC /* UserProfileInfo.swift in Sources */,
				B32CCC6E21A207D7006F0E3E /* ConversationsListViewController.swift in Sources */,
				B32CCC6221A0BE47006F0E3E /* CommunicationModelProtocol.swift in Sources */,
				B32B5B8721A88ECA00C92D7D /* PhotosViewController.swift in Sources */,
				B32B5B8921A88F5B00C92D7D /* PhotoCellConfiguration.swift in Sources */,
				B32B5B6C21A879DE00C92D7D /* ImageRequest.swift in Sources */,
				B320CDF221A0A02700B0BE07 /* CoreDataService.swift in Sources */,
				B32B5B7D21A8852500C92D7D /* ImagesService.swift in Sources */,
				B3B5923B215EADD60095F693 /* ProfileViewController.swift in Sources */,
				B319B73A21A99D3200E2FABC /* PhotosModel.swift in Sources */,
				B3B389342184D8B600765A65 /* CommunicatorManagerDelegate.swift in Sources */,
				B32B5B7121A87DD300C92D7D /* ImageParser.swift in Sources */,
				B32F03FA2153BE2A0009ADC3 /* Messenger.xcdatamodeld in Sources */,
				B32CCC5C21A0BAF0006F0E3E /* ThemeModelProtocol.swift in Sources */,
				B3392DFE2173CC2F008DB283 /* ThemesViewControllerSwift.swift in Sources */,
				B32B5B8621A88ECA00C92D7D /* PhotoCollectionViewCell.swift in Sources */,
				B389AE4B216773CF002D099A /* ConversationTableViewCell.swift in Sources */,
				B32CCC6821A141C4006F0E3E /* UserStorageModel.swift in Sources */,
				B320CDF521A0A0AA00B0BE07 /* CoreDataServiceProtocol.swift in Sources */,
				B3392DFB2173C00C008DB283 /* Themes.m in Sources */,
				B320CDE121A074AA00B0BE07 /* CoreAssembly.swift in Sources */,
				B3224252219759D9005362AC /* UserExtension.swift in Sources */,
				B3B389432185873800765A65 /* CommunicatorStorageDelegate.swift in Sources */,
				B3F755AD217C87A4004A8AB5 /* OperationDataManager.swift in Sources */,
				B32CCC6621A13F91006F0E3E /* PresentationAssembly.swift in Sources */,
				B3392DFC2173C00E008DB283 /* ThemesViewController.m in Sources */,
				B32B5B6621A86E5D00C92D7D /* IParser.swift in Sources */,
				B395DADC218C39D900828F72 /* AppUserExtension.swift in Sources */,
			);
			runOnlyForDeploymentPostprocessing = 0;
		};
/* End PBXSourcesBuildPhase section */

/* Begin PBXVariantGroup section */
		B32F03F52153BE2A0009ADC3 /* Main.storyboard */ = {
			isa = PBXVariantGroup;
			children = (
				B32F03F62153BE2A0009ADC3 /* Base */,
			);
			name = Main.storyboard;
			sourceTree = "<group>";
		};
		B32F03FD2153BE2B0009ADC3 /* LaunchScreen.storyboard */ = {
			isa = PBXVariantGroup;
			children = (
				B32F03FE2153BE2B0009ADC3 /* Base */,
			);
			name = LaunchScreen.storyboard;
			sourceTree = "<group>";
		};
/* End PBXVariantGroup section */

/* Begin XCBuildConfiguration section */
		B32F04012153BE2B0009ADC3 /* Debug */ = {
			isa = XCBuildConfiguration;
			buildSettings = {
				ALWAYS_SEARCH_USER_PATHS = NO;
				CLANG_ANALYZER_NONNULL = YES;
				CLANG_ANALYZER_NUMBER_OBJECT_CONVERSION = YES_AGGRESSIVE;
				CLANG_CXX_LANGUAGE_STANDARD = "gnu++14";
				CLANG_CXX_LIBRARY = "libc++";
				CLANG_ENABLE_MODULES = YES;
				CLANG_ENABLE_OBJC_ARC = NO;
				CLANG_ENABLE_OBJC_WEAK = YES;
				CLANG_WARN_BLOCK_CAPTURE_AUTORELEASING = YES;
				CLANG_WARN_BOOL_CONVERSION = YES;
				CLANG_WARN_COMMA = YES;
				CLANG_WARN_CONSTANT_CONVERSION = YES;
				CLANG_WARN_DEPRECATED_OBJC_IMPLEMENTATIONS = YES;
				CLANG_WARN_DIRECT_OBJC_ISA_USAGE = YES_ERROR;
				CLANG_WARN_DOCUMENTATION_COMMENTS = YES;
				CLANG_WARN_EMPTY_BODY = YES;
				CLANG_WARN_ENUM_CONVERSION = YES;
				CLANG_WARN_INFINITE_RECURSION = YES;
				CLANG_WARN_INT_CONVERSION = YES;
				CLANG_WARN_NON_LITERAL_NULL_CONVERSION = YES;
				CLANG_WARN_OBJC_IMPLICIT_RETAIN_SELF = YES;
				CLANG_WARN_OBJC_LITERAL_CONVERSION = YES;
				CLANG_WARN_OBJC_ROOT_CLASS = YES_ERROR;
				CLANG_WARN_RANGE_LOOP_ANALYSIS = YES;
				CLANG_WARN_STRICT_PROTOTYPES = YES;
				CLANG_WARN_SUSPICIOUS_MOVE = YES;
				CLANG_WARN_UNGUARDED_AVAILABILITY = YES_AGGRESSIVE;
				CLANG_WARN_UNREACHABLE_CODE = YES;
				CLANG_WARN__DUPLICATE_METHOD_MATCH = YES;
				CODE_SIGN_IDENTITY = "iPhone Developer";
				COPY_PHASE_STRIP = NO;
				DEBUG_INFORMATION_FORMAT = dwarf;
				ENABLE_STRICT_OBJC_MSGSEND = YES;
				ENABLE_TESTABILITY = YES;
				GCC_C_LANGUAGE_STANDARD = gnu11;
				GCC_DYNAMIC_NO_PIC = NO;
				GCC_NO_COMMON_BLOCKS = YES;
				GCC_OPTIMIZATION_LEVEL = 0;
				GCC_PREPROCESSOR_DEFINITIONS = (
					"DEBUG=1",
					"$(inherited)",
				);
				GCC_WARN_64_TO_32_BIT_CONVERSION = YES;
				GCC_WARN_ABOUT_RETURN_TYPE = YES_ERROR;
				GCC_WARN_UNDECLARED_SELECTOR = YES;
				GCC_WARN_UNINITIALIZED_AUTOS = YES_AGGRESSIVE;
				GCC_WARN_UNUSED_FUNCTION = YES;
				GCC_WARN_UNUSED_VARIABLE = YES;
				IPHONEOS_DEPLOYMENT_TARGET = 12.0;
				MTL_ENABLE_DEBUG_INFO = INCLUDE_SOURCE;
				MTL_FAST_MATH = YES;
				ONLY_ACTIVE_ARCH = YES;
				SDKROOT = iphoneos;
				SWIFT_ACTIVE_COMPILATION_CONDITIONS = DEBUG;
				SWIFT_INSTALL_OBJC_HEADER = YES;
				SWIFT_OBJC_BRIDGING_HEADER = "";
				SWIFT_OPTIMIZATION_LEVEL = "-Onone";
			};
			name = Debug;
		};
		B32F04022153BE2B0009ADC3 /* Release */ = {
			isa = XCBuildConfiguration;
			buildSettings = {
				ALWAYS_SEARCH_USER_PATHS = NO;
				CLANG_ANALYZER_NONNULL = YES;
				CLANG_ANALYZER_NUMBER_OBJECT_CONVERSION = YES_AGGRESSIVE;
				CLANG_CXX_LANGUAGE_STANDARD = "gnu++14";
				CLANG_CXX_LIBRARY = "libc++";
				CLANG_ENABLE_MODULES = YES;
				CLANG_ENABLE_OBJC_ARC = NO;
				CLANG_ENABLE_OBJC_WEAK = YES;
				CLANG_WARN_BLOCK_CAPTURE_AUTORELEASING = YES;
				CLANG_WARN_BOOL_CONVERSION = YES;
				CLANG_WARN_COMMA = YES;
				CLANG_WARN_CONSTANT_CONVERSION = YES;
				CLANG_WARN_DEPRECATED_OBJC_IMPLEMENTATIONS = YES;
				CLANG_WARN_DIRECT_OBJC_ISA_USAGE = YES_ERROR;
				CLANG_WARN_DOCUMENTATION_COMMENTS = YES;
				CLANG_WARN_EMPTY_BODY = YES;
				CLANG_WARN_ENUM_CONVERSION = YES;
				CLANG_WARN_INFINITE_RECURSION = YES;
				CLANG_WARN_INT_CONVERSION = YES;
				CLANG_WARN_NON_LITERAL_NULL_CONVERSION = YES;
				CLANG_WARN_OBJC_IMPLICIT_RETAIN_SELF = YES;
				CLANG_WARN_OBJC_LITERAL_CONVERSION = YES;
				CLANG_WARN_OBJC_ROOT_CLASS = YES_ERROR;
				CLANG_WARN_RANGE_LOOP_ANALYSIS = YES;
				CLANG_WARN_STRICT_PROTOTYPES = YES;
				CLANG_WARN_SUSPICIOUS_MOVE = YES;
				CLANG_WARN_UNGUARDED_AVAILABILITY = YES_AGGRESSIVE;
				CLANG_WARN_UNREACHABLE_CODE = YES;
				CLANG_WARN__DUPLICATE_METHOD_MATCH = YES;
				CODE_SIGN_IDENTITY = "iPhone Developer";
				COPY_PHASE_STRIP = NO;
				DEBUG_INFORMATION_FORMAT = "dwarf-with-dsym";
				ENABLE_NS_ASSERTIONS = NO;
				ENABLE_STRICT_OBJC_MSGSEND = YES;
				GCC_C_LANGUAGE_STANDARD = gnu11;
				GCC_NO_COMMON_BLOCKS = YES;
				GCC_WARN_64_TO_32_BIT_CONVERSION = YES;
				GCC_WARN_ABOUT_RETURN_TYPE = YES_ERROR;
				GCC_WARN_UNDECLARED_SELECTOR = YES;
				GCC_WARN_UNINITIALIZED_AUTOS = YES_AGGRESSIVE;
				GCC_WARN_UNUSED_FUNCTION = YES;
				GCC_WARN_UNUSED_VARIABLE = YES;
				IPHONEOS_DEPLOYMENT_TARGET = 12.0;
				MTL_ENABLE_DEBUG_INFO = NO;
				MTL_FAST_MATH = YES;
				SDKROOT = iphoneos;
				SWIFT_COMPILATION_MODE = wholemodule;
				SWIFT_INSTALL_OBJC_HEADER = YES;
				SWIFT_OBJC_BRIDGING_HEADER = "";
				SWIFT_OPTIMIZATION_LEVEL = "-O";
				VALIDATE_PRODUCT = YES;
			};
			name = Release;
		};
		B32F04042153BE2B0009ADC3 /* Debug */ = {
			isa = XCBuildConfiguration;
			buildSettings = {
				ASSETCATALOG_COMPILER_APPICON_NAME = AppIcon;
				CLANG_ENABLE_MODULES = YES;
				CODE_SIGN_IDENTITY = "iPhone Developer";
				CODE_SIGN_STYLE = Automatic;
				DEVELOPMENT_TEAM = 46G92N6X3Y;
				INFOPLIST_FILE = Messenger/Info.plist;
				IPHONEOS_DEPLOYMENT_TARGET = 12.0;
				LD_RUNPATH_SEARCH_PATHS = (
					"$(inherited)",
					"@executable_path/Frameworks",
				);
				PRODUCT_BUNDLE_IDENTIFIER = BB.Messenger;
				PRODUCT_NAME = "$(TARGET_NAME)";
				PROVISIONING_PROFILE_SPECIFIER = "";
				SWIFT_OBJC_BRIDGING_HEADER = "Messenger/Messenger-Bridging-Header.h";
				SWIFT_OPTIMIZATION_LEVEL = "-Onone";
				SWIFT_VERSION = 4.2;
				TARGETED_DEVICE_FAMILY = 1;
			};
			name = Debug;
		};
		B32F04052153BE2B0009ADC3 /* Release */ = {
			isa = XCBuildConfiguration;
			buildSettings = {
				ASSETCATALOG_COMPILER_APPICON_NAME = AppIcon;
				CLANG_ENABLE_MODULES = YES;
				CODE_SIGN_IDENTITY = "iPhone Developer";
				CODE_SIGN_STYLE = Automatic;
				DEVELOPMENT_TEAM = 46G92N6X3Y;
				INFOPLIST_FILE = Messenger/Info.plist;
				IPHONEOS_DEPLOYMENT_TARGET = 12.0;
				LD_RUNPATH_SEARCH_PATHS = (
					"$(inherited)",
					"@executable_path/Frameworks",
				);
				PRODUCT_BUNDLE_IDENTIFIER = BB.Messenger;
				PRODUCT_NAME = "$(TARGET_NAME)";
				PROVISIONING_PROFILE_SPECIFIER = "";
				SWIFT_OBJC_BRIDGING_HEADER = "Messenger/Messenger-Bridging-Header.h";
				SWIFT_VERSION = 4.2;
				TARGETED_DEVICE_FAMILY = 1;
			};
			name = Release;
		};
/* End XCBuildConfiguration section */

/* Begin XCConfigurationList section */
		B32F03E92153BE2A0009ADC3 /* Build configuration list for PBXProject "Messenger" */ = {
			isa = XCConfigurationList;
			buildConfigurations = (
				B32F04012153BE2B0009ADC3 /* Debug */,
				B32F04022153BE2B0009ADC3 /* Release */,
			);
			defaultConfigurationIsVisible = 0;
			defaultConfigurationName = Release;
		};
		B32F04032153BE2B0009ADC3 /* Build configuration list for PBXNativeTarget "Messenger" */ = {
			isa = XCConfigurationList;
			buildConfigurations = (
				B32F04042153BE2B0009ADC3 /* Debug */,
				B32F04052153BE2B0009ADC3 /* Release */,
			);
			defaultConfigurationIsVisible = 0;
			defaultConfigurationName = Release;
		};
/* End XCConfigurationList section */

/* Begin XCVersionGroup section */
		B32F03F82153BE2A0009ADC3 /* Messenger.xcdatamodeld */ = {
			isa = XCVersionGroup;
			children = (
				B32F03F92153BE2A0009ADC3 /* Messenger.xcdatamodel */,
			);
			currentVersion = B32F03F92153BE2A0009ADC3 /* Messenger.xcdatamodel */;
			path = Messenger.xcdatamodeld;
			sourceTree = "<group>";
			versionGroupType = wrapper.xcdatamodel;
		};
/* End XCVersionGroup section */
	};
	rootObject = B32F03E62153BE2A0009ADC3 /* Project object */;
}
